# This file is automatically @generated by Cargo.
# It is not intended for manual editing.
version = 3

[[package]]
name = "ata"
version = "0.1.0"
dependencies = [
 "bit_field",
 "block_device",
 "spin",
 "x86_64",
]

[[package]]
name = "autocfg"
version = "1.1.0"
source = "registry+https://github.com/rust-lang/crates.io-index"
checksum = "d468802bab17cbc0cc575e9b053f41e72aa36bfa6b7f55e3529ffa43161b97fa"

[[package]]
name = "bit_field"
version = "0.10.1"
source = "registry+https://github.com/rust-lang/crates.io-index"
checksum = "dcb6dd1c2376d2e096796e234a70e17e94cc2d5d54ff8ce42b28cef1d0d359a4"

[[package]]
name = "bitflags"
version = "1.3.2"
source = "registry+https://github.com/rust-lang/crates.io-index"
checksum = "bef38d45163c2f1dde094a7dfd33ccf595c92905c8f8f4fdc18d06fb1037718a"

[[package]]
name = "block_device"
version = "0.1.3"
source = "registry+https://github.com/rust-lang/crates.io-index"
checksum = "34debcf14cf4dc2fe9031aa5cbb3b6e05d930a26dcbd657b102270b11456bed6"

[[package]]
name = "bootloader"
version = "0.10.13"
source = "registry+https://github.com/rust-lang/crates.io-index"
checksum = "24e13520aa8580a2850fc9f5390dc6753f1062fb66f90e5a61bd5c72b55df731"

[[package]]
name = "bootloader-locator"
version = "0.0.4"
source = "registry+https://github.com/rust-lang/crates.io-index"
checksum = "aaaa9db3339d32c2622f2e5d0731eb82a468d3439797c9d4fe426744fe2bd551"
dependencies = [
 "json",
]

[[package]]
name = "byteorder"
version = "1.4.3"
source = "registry+https://github.com/rust-lang/crates.io-index"
checksum = "14c189c53d098945499cdfa7ecc63567cf3886b3332b312a5b4585d8d3a6a610"

[[package]]
name = "cfg-if"
version = "1.0.0"
source = "registry+https://github.com/rust-lang/crates.io-index"
checksum = "baf1de4339761588bc0619e3cbc0120ee582ebb74b53b4efbf79117bd2da40fd"

[[package]]
name = "fat32"
version = "0.2.0"
source = "registry+https://github.com/rust-lang/crates.io-index"
checksum = "04ade4c8dc650037c07d4d1d3329851b8bdbab0da8d2b83ac5d7114174702c17"
dependencies = [
 "block_device",
]

[[package]]
name = "genos"
version = "0.1.0"
dependencies = [
 "ata",
 "bootloader",
 "fat32",
 "kernel-common",
 "linked_list_allocator",
 "log",
 "mbr",
 "pc-keyboard",
 "pic8259",
 "spin",
 "x86_64",
 "xmas-elf",
]

[[package]]
name = "json"
version = "0.12.4"
source = "registry+https://github.com/rust-lang/crates.io-index"
checksum = "078e285eafdfb6c4b434e0d31e8cfcb5115b651496faca5749b88fafd4f23bfd"

[[package]]
name = "kernel-common"
version = "0.1.0"

[[package]]
name = "linked_list_allocator"
version = "0.10.4"
source = "registry+https://github.com/rust-lang/crates.io-index"
checksum = "e322f259d225fbae43a1b053b2dc6a5968a6bdf8b205f5de684dab485b95030e"
dependencies = [
 "spinning_top",
]

[[package]]
name = "locate-cargo-manifest"
version = "0.2.2"
source = "registry+https://github.com/rust-lang/crates.io-index"
checksum = "db985b63431fe09e8d71f50aeceffcc31e720cb86be8dad2f38d084c5a328466"
dependencies = [
 "json",
]

[[package]]
name = "lock_api"
version = "0.4.9"
source = "registry+https://github.com/rust-lang/crates.io-index"
checksum = "435011366fe56583b16cf956f9df0095b405b82d76425bc8981c0e22e60ec4df"
dependencies = [
 "autocfg",
 "scopeguard",
]

[[package]]
name = "log"
version = "0.4.17"
source = "registry+https://github.com/rust-lang/crates.io-index"
checksum = "abb12e687cfb44aa40f41fc3978ef76448f9b6038cad6aef4259d3c095a2382e"
dependencies = [
 "cfg-if",
]

[[package]]
name = "mbr"
version = "0.1.0"
dependencies = [
 "byteorder",
]

[[package]]
name = "os-runner"
version = "0.1.0"
dependencies = [
 "bootloader-locator",
 "locate-cargo-manifest",
 "mbr",
]

[[package]]
name = "pc-keyboard"
version = "0.6.1"
source = "registry+https://github.com/rust-lang/crates.io-index"
checksum = "e0ad9805165d0672a3efa682cac952870d8b05d98e02e08063ca7db597005338"

[[package]]
name = "pic8259"
version = "0.10.2"
source = "registry+https://github.com/rust-lang/crates.io-index"
checksum = "24ec21f514e2e16e94649f1d041ca4a7069b512c037ac156360652a775e6229d"
dependencies = [
 "x86_64",
]

[[package]]
name = "raytrace"
version = "0.1.0"
dependencies = [
 "std",
]

[[package]]
name = "rustversion"
version = "1.0.9"
source = "registry+https://github.com/rust-lang/crates.io-index"
checksum = "97477e48b4cf8603ad5f7aaf897467cf42ab4218a38ef76fb14c2d6773a6d6a8"

[[package]]
name = "scopeguard"
version = "1.1.0"
source = "registry+https://github.com/rust-lang/crates.io-index"
checksum = "d29ab0c6d3fc0ee92fe66e2d99f700eab17a8d57d1c1d3b748380fb20baa78cd"

[[package]]
name = "spin"
version = "0.9.4"
source = "registry+https://github.com/rust-lang/crates.io-index"
checksum = "7f6002a767bff9e83f8eeecf883ecb8011875a21ae8da43bffb817a57e78cc09"
dependencies = [
 "lock_api",
]

[[package]]
name = "spinning_top"
version = "0.2.4"
source = "registry+https://github.com/rust-lang/crates.io-index"
checksum = "75adad84ee84b521fb2cca2d4fd0f1dab1d8d026bda3c5bea4ca63b5f9f9293c"
dependencies = [
 "lock_api",
]

[[package]]
name = "std"
version = "0.1.0"
dependencies = [
 "kernel-common",
]

[[package]]
name = "volatile"
version = "0.4.5"
source = "registry+https://github.com/rust-lang/crates.io-index"
checksum = "e3ca98349dda8a60ae74e04fd90c7fb4d6a4fbe01e6d3be095478aa0b76f6c0c"

[[package]]
name = "x86_64"
version = "0.14.10"
source = "registry+https://github.com/rust-lang/crates.io-index"
checksum = "100555a863c0092238c2e0e814c1096c1e5cf066a309c696a87e907b5f8c5d69"
dependencies = [
 "bit_field",
 "bitflags",
 "rustversion",
 "volatile",
]

[[package]]
name = "xmas-elf"
version = "0.8.0"
source = "registry+https://github.com/rust-lang/crates.io-index"
checksum = "8d29b4d8e7beaceb4e77447ba941a7600d23d0319ab52da0461abea214832d5a"
dependencies = [
 "zero",
]

[[package]]
name = "zero"
version = "0.1.2"
source = "registry+https://github.com/rust-lang/crates.io-index"
checksum = "5f1bc8a6b2005884962297587045002d8cfb8dcec9db332f4ca216ddc5de82c5"
